
Microsoft Visual Studio Solution File, Format Version 12.00
# Visual Studio 15
VisualStudioVersion = 15.0.28010.2041
MinimumVisualStudioVersion = 10.0.40219.1
Project("{9A19103F-16F7-4668-BE54-9A1E7A4F7556}") = "BlazorSplit", "BlazorSplit\BlazorSplit.csproj", "{EDE03565-4598-4BC4-AE46-0D4E00D94A3F}"
EndProject
Project("{FAE04EC0-301F-11D3-BF4B-00C04F79EFBC}") = "BlazorSplit.Test.Server", "BlazorSplit.Test.Server\BlazorSplit.Test.Server.csproj", "{F9EBF523-2FB4-4A5B-8B2C-4EA3086FD127}"
EndProject
Project("{FAE04EC0-301F-11D3-BF4B-00C04F79EFBC}") = "BlazorSplit.Test.App", "BlazorSplit.Test.App\BlazorSplit.Test.App.csproj", "{4D4A742D-819E-4CAC-ABDB-17A633DC5C8B}"
EndProject
Global
	GlobalSection(SolutionConfigurationPlatforms) = preSolution
		Debug|Any CPU = Debug|Any CPU
		Release|Any CPU = Release|Any CPU
	EndGlobalSection
	GlobalSection(ProjectConfigurationPlatforms) = postSolution
		{EDE03565-4598-4BC4-AE46-0D4E00D94A3F}.Debug|Any CPU.ActiveCfg = Debug|Any CPU
		{EDE03565-4598-4BC4-AE46-0D4E00D94A3F}.Debug|Any CPU.Build.0 = Debug|Any CPU
		{EDE03565-4598-4BC4-AE46-0D4E00D94A3F}.Release|Any CPU.ActiveCfg = Release|Any CPU
		{EDE03565-4598-4BC4-AE46-0D4E00D94A3F}.Release|Any CPU.Build.0 = Release|Any CPU
		{F9EBF523-2FB4-4A5B-8B2C-4EA3086FD127}.Debug|Any CPU.ActiveCfg = Debug|Any CPU
		{F9EBF523-2FB4-4A5B-8B2C-4EA3086FD127}.Debug|Any CPU.Build.0 = Debug|Any CPU
		{F9EBF523-2FB4-4A5B-8B2C-4EA3086FD127}.Release|Any CPU.ActiveCfg = Release|Any CPU
		{F9EBF523-2FB4-4A5B-8B2C-4EA3086FD127}.Release|Any CPU.Build.0 = Release|Any CPU
		{4D4A742D-819E-4CAC-ABDB-17A633DC5C8B}.Debug|Any CPU.ActiveCfg = Debug|Any CPU
		{4D4A742D-819E-4CAC-ABDB-17A633DC5C8B}.Debug|Any CPU.Build.0 = Debug|Any CPU
		{4D4A742D-819E-4CAC-ABDB-17A633DC5C8B}.Release|Any CPU.ActiveCfg = Release|Any CPU
		{4D4A742D-819E-4CAC-ABDB-17A633DC5C8B}.Release|Any CPU.Build.0 = Release|Any CPU
	EndGlobalSection
	GlobalSection(SolutionProperties) = preSolution
		HideSolutionNode = FALSE
	EndGlobalSection
	GlobalSection(ExtensibilityGlobals) = postSolution
		SolutionGuid = {C3D4ED81-962F-4D3F-AFB2-BC5A1F90B764}
	EndGlobalSection
EndGlobal
